{
  "name": "project 2",
  "lockfileVersion": 2,
  "requires": true,
  "packages": {
    "": {
      "dependencies": {
        "bootstrap-icons": "^1.9.1",
        "bootstrap-scss": "^5.2.2"
      }
    },
    "node_modules/bootstrap-icons": {
      "version": "1.9.1",
      "resolved": "https://registry.npmjs.org/bootstrap-icons/-/bootstrap-icons-1.9.1.tgz",
      "integrity": "sha512-d4ZkO30MIkAhQ2nNRJqKXJVEQorALGbLWTuRxyCTJF96lRIV6imcgMehWGJUiJMJhglN0o2tqLIeDnMdiQEE9g=="
    },
    "node_modules/bootstrap-scss": {
      "version": "5.2.2",
      "resolved": "https://registry.npmjs.org/bootstrap-scss/-/bootstrap-scss-5.2.2.tgz",
      "integrity": "sha512-m2ZTPAK1OKLWKrD5YVkewmpHPuvktrRsD3yj2sOuG5P+DyOhpvyzMWiNcirCbvqFNhHcFj9N1zNxbJcAccwlNA=="
    }
  },
  "dependencies": {
    "bootstrap-icons": {
      "version": "1.9.1",
      "resolved": "https://registry.npmjs.org/bootstrap-icons/-/bootstrap-icons-1.9.1.tgz",
      "integrity": "sha512-d4ZkO30MIkAhQ2nNRJqKXJVEQorALGbLWTuRxyCTJF96lRIV6imcgMehWGJUiJMJhglN0o2tqLIeDnMdiQEE9g=="
    },
    "bootstrap-scss": {
      "version": "5.2.2",
      "resolved": "https://registry.npmjs.org/bootstrap-scss/-/bootstrap-scss-5.2.2.tgz",
      "integrity": "sha512-m2ZTPAK1OKLWKrD5YVkewmpHPuvktrRsD3yj2sOuG5P+DyOhpvyzMWiNcirCbvqFNhHcFj9N1zNxbJcAccwlNA=="
    }
  }
}
